// !$*UTF8*$!
{
	archiveVersion = 1;
	classes = {
	};
	objectVersion = 46;
	objects = {

/* Begin PBXBuildFile section */
		25588CA91DD2196100D375DB /* AppDelegate.swift in Sources */ = {isa = PBXBuildFile; fileRef = 25588CA81DD2196100D375DB /* AppDelegate.swift */; };
		25588CAE1DD2196100D375DB /* Main.storyboard in Resources */ = {isa = PBXBuildFile; fileRef = 25588CAC1DD2196100D375DB /* Main.storyboard */; };
		25588CB01DD2196100D375DB /* Assets.xcassets in Resources */ = {isa = PBXBuildFile; fileRef = 25588CAF1DD2196100D375DB /* Assets.xcassets */; };
		25588CB31DD2196100D375DB /* LaunchScreen.storyboard in Resources */ = {isa = PBXBuildFile; fileRef = 25588CB11DD2196100D375DB /* LaunchScreen.storyboard */; };
		25588CBB1DD21ADD00D375DB /* MasterTableVC.swift in Sources */ = {isa = PBXBuildFile; fileRef = 25588CBA1DD21ADD00D375DB /* MasterTableVC.swift */; };
		25588CEF1DD21E3000D375DB /* ant.png in Resources */ = {isa = PBXBuildFile; fileRef = 25588CBE1DD21E3000D375DB /* ant.png */; };
		25588CF01DD21E3000D375DB /* bat.jpg in Resources */ = {isa = PBXBuildFile; fileRef = 25588CBF1DD21E3000D375DB /* bat.jpg */; };
		25588CF11DD21E3000D375DB /* bear.png in Resources */ = {isa = PBXBuildFile; fileRef = 25588CC01DD21E3000D375DB /* bear.png */; };
		25588CF21DD21E3000D375DB /* bee.png in Resources */ = {isa = PBXBuildFile; fileRef = 25588CC11DD21E3000D375DB /* bee.png */; };
		25588CF31DD21E3000D375DB /* bird.png in Resources */ = {isa = PBXBuildFile; fileRef = 25588CC21DD21E3000D375DB /* bird.png */; };
		25588CF41DD21E3000D375DB /* buffalo.jpg in Resources */ = {isa = PBXBuildFile; fileRef = 25588CC31DD21E3000D375DB /* buffalo.jpg */; };
		25588CF51DD21E3000D375DB /* butterfly.png in Resources */ = {isa = PBXBuildFile; fileRef = 25588CC41DD21E3000D375DB /* butterfly.png */; };
		25588CF61DD21E3000D375DB /* cat.jpg in Resources */ = {isa = PBXBuildFile; fileRef = 25588CC51DD21E3000D375DB /* cat.jpg */; };
		25588CF71DD21E3000D375DB /* crab.png in Resources */ = {isa = PBXBuildFile; fileRef = 25588CC61DD21E3000D375DB /* crab.png */; };
		25588CF81DD21E3000D375DB /* deer.jpg in Resources */ = {isa = PBXBuildFile; fileRef = 25588CC71DD21E3000D375DB /* deer.jpg */; };
		25588CF91DD21E3000D375DB /* dog.png in Resources */ = {isa = PBXBuildFile; fileRef = 25588CC81DD21E3000D375DB /* dog.png */; };
		25588CFA1DD21E3000D375DB /* duck.png in Resources */ = {isa = PBXBuildFile; fileRef = 25588CC91DD21E3000D375DB /* duck.png */; };
		25588CFB1DD21E3000D375DB /* fish.png in Resources */ = {isa = PBXBuildFile; fileRef = 25588CCA1DD21E3000D375DB /* fish.png */; };
		25588CFC1DD21E3000D375DB /* fly.jpg in Resources */ = {isa = PBXBuildFile; fileRef = 25588CCB1DD21E3000D375DB /* fly.jpg */; };
		25588CFD1DD21E3000D375DB /* fox.png in Resources */ = {isa = PBXBuildFile; fileRef = 25588CCC1DD21E3000D375DB /* fox.png */; };
		25588CFE1DD21E3000D375DB /* frog.png in Resources */ = {isa = PBXBuildFile; fileRef = 25588CCD1DD21E3000D375DB /* frog.png */; };
		25588CFF1DD21E3000D375DB /* hawk.jpg in Resources */ = {isa = PBXBuildFile; fileRef = 25588CCE1DD21E3000D375DB /* hawk.jpg */; };
		25588D001DD21E3000D375DB /* lion.jpg in Resources */ = {isa = PBXBuildFile; fileRef = 25588CCF1DD21E3000D375DB /* lion.jpg */; };
		25588D011DD21E3000D375DB /* mosquito.jpg in Resources */ = {isa = PBXBuildFile; fileRef = 25588CD01DD21E3000D375DB /* mosquito.jpg */; };
		25588D021DD21E3000D375DB /* mouse.png in Resources */ = {isa = PBXBuildFile; fileRef = 25588CD11DD21E3000D375DB /* mouse.png */; };
		25588D031DD21E3000D375DB /* peafowl.jpg in Resources */ = {isa = PBXBuildFile; fileRef = 25588CD21DD21E3000D375DB /* peafowl.jpg */; };
		25588D041DD21E3000D375DB /* snail.png in Resources */ = {isa = PBXBuildFile; fileRef = 25588CD31DD21E3000D375DB /* snail.png */; };
		25588D051DD21E3000D375DB /* snake.png in Resources */ = {isa = PBXBuildFile; fileRef = 25588CD41DD21E3000D375DB /* snake.png */; };
		25588D061DD21E3000D375DB /* spider.png in Resources */ = {isa = PBXBuildFile; fileRef = 25588CD51DD21E3000D375DB /* spider.png */; };
		25588D071DD21E3000D375DB /* swan.png in Resources */ = {isa = PBXBuildFile; fileRef = 25588CD61DD21E3000D375DB /* swan.png */; };
		25588D081DD21E3000D375DB /* tiger.jpg in Resources */ = {isa = PBXBuildFile; fileRef = 25588CD71DD21E3000D375DB /* tiger.jpg */; };
		25588D091DD21E3000D375DB /* turtle.png in Resources */ = {isa = PBXBuildFile; fileRef = 25588CD81DD21E3000D375DB /* turtle.png */; };
		25588D0A1DD21E3000D375DB /* animals.jpeg in Resources */ = {isa = PBXBuildFile; fileRef = 25588CD91DD21E3000D375DB /* animals.jpeg */; };
		25588D0B1DD21E3000D375DB /* apple.png in Resources */ = {isa = PBXBuildFile; fileRef = 25588CDB1DD21E3000D375DB /* apple.png */; };
		25588D0C1DD21E3000D375DB /* avocado.jpg in Resources */ = {isa = PBXBuildFile; fileRef = 25588CDC1DD21E3000D375DB /* avocado.jpg */; };
		25588D0D1DD21E3000D375DB /* banana.png in Resources */ = {isa = PBXBuildFile; fileRef = 25588CDD1DD21E3000D375DB /* banana.png */; };
		25588D0E1DD21E3000D375DB /* blackberry.png in Resources */ = {isa = PBXBuildFile; fileRef = 25588CDE1DD21E3000D375DB /* blackberry.png */; };
		25588D0F1DD21E3000D375DB /* cherry.png in Resources */ = {isa = PBXBuildFile; fileRef = 25588CDF1DD21E3000D375DB /* cherry.png */; };
		25588D101DD21E3000D375DB /* coconut.png in Resources */ = {isa = PBXBuildFile; fileRef = 25588CE01DD21E3000D375DB /* coconut.png */; };
		25588D111DD21E3000D375DB /* grape.png in Resources */ = {isa = PBXBuildFile; fileRef = 25588CE11DD21E3000D375DB /* grape.png */; };
		25588D121DD21E3000D375DB /* kiwi.jpg in Resources */ = {isa = PBXBuildFile; fileRef = 25588CE21DD21E3000D375DB /* kiwi.jpg */; };
		25588D131DD21E3000D375DB /* lemon.jpg in Resources */ = {isa = PBXBuildFile; fileRef = 25588CE31DD21E3000D375DB /* lemon.jpg */; };
		25588D141DD21E3000D375DB /* lychee.jpg in Resources */ = {isa = PBXBuildFile; fileRef = 25588CE41DD21E3000D375DB /* lychee.jpg */; };
		25588D151DD21E3000D375DB /* mango.jpg in Resources */ = {isa = PBXBuildFile; fileRef = 25588CE51DD21E3000D375DB /* mango.jpg */; };
		25588D161DD21E3000D375DB /* melon.jpg in Resources */ = {isa = PBXBuildFile; fileRef = 25588CE61DD21E3000D375DB /* melon.jpg */; };
		25588D171DD21E3000D375DB /* papaya.jpg in Resources */ = {isa = PBXBuildFile; fileRef = 25588CE71DD21E3000D375DB /* papaya.jpg */; };
		25588D181DD21E3000D375DB /* passion fruit.jpg in Resources */ = {isa = PBXBuildFile; fileRef = 25588CE81DD21E3000D375DB /* passion fruit.jpg */; };
		25588D191DD21E3000D375DB /* peach.jpg in Resources */ = {isa = PBXBuildFile; fileRef = 25588CE91DD21E3000D375DB /* peach.jpg */; };
		25588D1A1DD21E3000D375DB /* pineapple.jpg in Resources */ = {isa = PBXBuildFile; fileRef = 25588CEA1DD21E3000D375DB /* pineapple.jpg */; };
		25588D1B1DD21E3000D375DB /* plum.png in Resources */ = {isa = PBXBuildFile; fileRef = 25588CEB1DD21E3000D375DB /* plum.png */; };
		25588D1C1DD21E3000D375DB /* strawberry.jpg in Resources */ = {isa = PBXBuildFile; fileRef = 25588CEC1DD21E3000D375DB /* strawberry.jpg */; };
		25588D1D1DD21E3000D375DB /* watermelon.png in Resources */ = {isa = PBXBuildFile; fileRef = 25588CED1DD21E3000D375DB /* watermelon.png */; };
		25588D1E1DD21E3000D375DB /* fruits.png in Resources */ = {isa = PBXBuildFile; fileRef = 25588CEE1DD21E3000D375DB /* fruits.png */; };
		25588D201DD2218A00D375DB /* color.jpeg in Resources */ = {isa = PBXBuildFile; fileRef = 25588D1F1DD2218A00D375DB /* color.jpeg */; };
/* End PBXBuildFile section */

/* Begin PBXFileReference section */
		25588CA51DD2196100D375DB /* EngLishForKids.app */ = {isa = PBXFileReference; explicitFileType = wrapper.application; includeInIndex = 0; path = EngLishForKids.app; sourceTree = BUILT_PRODUCTS_DIR; };
		25588CA81DD2196100D375DB /* AppDelegate.swift */ = {isa = PBXFileReference; lastKnownFileType = sourcecode.swift; path = AppDelegate.swift; sourceTree = "<group>"; };
		25588CAD1DD2196100D375DB /* Base */ = {isa = PBXFileReference; lastKnownFileType = file.storyboard; name = Base; path = Base.lproj/Main.storyboard; sourceTree = "<group>"; };
		25588CAF1DD2196100D375DB /* Assets.xcassets */ = {isa = PBXFileReference; lastKnownFileType = folder.assetcatalog; path = Assets.xcassets; sourceTree = "<group>"; };
		25588CB21DD2196100D375DB /* Base */ = {isa = PBXFileReference; lastKnownFileType = file.storyboard; name = Base; path = Base.lproj/LaunchScreen.storyboard; sourceTree = "<group>"; };
		25588CB41DD2196100D375DB /* Info.plist */ = {isa = PBXFileReference; lastKnownFileType = text.plist.xml; path = Info.plist; sourceTree = "<group>"; };
		25588CBA1DD21ADD00D375DB /* MasterTableVC.swift */ = {isa = PBXFileReference; fileEncoding = 4; lastKnownFileType = sourcecode.swift; path = MasterTableVC.swift; sourceTree = "<group>"; };
		25588CBE1DD21E3000D375DB /* ant.png */ = {isa = PBXFileReference; lastKnownFileType = image.png; path = ant.png; sourceTree = "<group>"; };
		25588CBF1DD21E3000D375DB /* bat.jpg */ = {isa = PBXFileReference; lastKnownFileType = image.jpeg; path = bat.jpg; sourceTree = "<group>"; };
		25588CC01DD21E3000D375DB /* bear.png */ = {isa = PBXFileReference; lastKnownFileType = image.png; path = bear.png; sourceTree = "<group>"; };
		25588CC11DD21E3000D375DB /* bee.png */ = {isa = PBXFileReference; lastKnownFileType = image.png; path = bee.png; sourceTree = "<group>"; };
		25588CC21DD21E3000D375DB /* bird.png */ = {isa = PBXFileReference; lastKnownFileType = image.png; path = bird.png; sourceTree = "<group>"; };
		25588CC31DD21E3000D375DB /* buffalo.jpg */ = {isa = PBXFileReference; lastKnownFileType = image.jpeg; path = buffalo.jpg; sourceTree = "<group>"; };
		25588CC41DD21E3000D375DB /* butterfly.png */ = {isa = PBXFileReference; lastKnownFileType = image.png; path = butterfly.png; sourceTree = "<group>"; };
		25588CC51DD21E3000D375DB /* cat.jpg */ = {isa = PBXFileReference; lastKnownFileType = image.jpeg; path = cat.jpg; sourceTree = "<group>"; };
		25588CC61DD21E3000D375DB /* crab.png */ = {isa = PBXFileReference; lastKnownFileType = image.png; path = crab.png; sourceTree = "<group>"; };
		25588CC71DD21E3000D375DB /* deer.jpg */ = {isa = PBXFileReference; lastKnownFileType = image.jpeg; path = deer.jpg; sourceTree = "<group>"; };
		25588CC81DD21E3000D375DB /* dog.png */ = {isa = PBXFileReference; lastKnownFileType = image.png; path = dog.png; sourceTree = "<group>"; };
		25588CC91DD21E3000D375DB /* duck.png */ = {isa = PBXFileReference; lastKnownFileType = image.png; path = duck.png; sourceTree = "<group>"; };
		25588CCA1DD21E3000D375DB /* fish.png */ = {isa = PBXFileReference; lastKnownFileType = image.png; path = fish.png; sourceTree = "<group>"; };
		25588CCB1DD21E3000D375DB /* fly.jpg */ = {isa = PBXFileReference; lastKnownFileType = image.jpeg; path = fly.jpg; sourceTree = "<group>"; };
		25588CCC1DD21E3000D375DB /* fox.png */ = {isa = PBXFileReference; lastKnownFileType = image.png; path = fox.png; sourceTree = "<group>"; };
		25588CCD1DD21E3000D375DB /* frog.png */ = {isa = PBXFileReference; lastKnownFileType = image.png; path = frog.png; sourceTree = "<group>"; };
		25588CCE1DD21E3000D375DB /* hawk.jpg */ = {isa = PBXFileReference; lastKnownFileType = image.jpeg; path = hawk.jpg; sourceTree = "<group>"; };
		25588CCF1DD21E3000D375DB /* lion.jpg */ = {isa = PBXFileReference; lastKnownFileType = image.jpeg; path = lion.jpg; sourceTree = "<group>"; };
		25588CD01DD21E3000D375DB /* mosquito.jpg */ = {isa = PBXFileReference; lastKnownFileType = image.jpeg; path = mosquito.jpg; sourceTree = "<group>"; };
		25588CD11DD21E3000D375DB /* mouse.png */ = {isa = PBXFileReference; lastKnownFileType = image.png; path = mouse.png; sourceTree = "<group>"; };
		25588CD21DD21E3000D375DB /* peafowl.jpg */ = {isa = PBXFileReference; lastKnownFileType = image.jpeg; path = peafowl.jpg; sourceTree = "<group>"; };
		25588CD31DD21E3000D375DB /* snail.png */ = {isa = PBXFileReference; lastKnownFileType = image.png; path = snail.png; sourceTree = "<group>"; };
		25588CD41DD21E3000D375DB /* snake.png */ = {isa = PBXFileReference; lastKnownFileType = image.png; path = snake.png; sourceTree = "<group>"; };
		25588CD51DD21E3000D375DB /* spider.png */ = {isa = PBXFileReference; lastKnownFileType = image.png; path = spider.png; sourceTree = "<group>"; };
		25588CD61DD21E3000D375DB /* swan.png */ = {isa = PBXFileReference; lastKnownFileType = image.png; path = swan.png; sourceTree = "<group>"; };
		25588CD71DD21E3000D375DB /* tiger.jpg */ = {isa = PBXFileReference; lastKnownFileType = image.jpeg; path = tiger.jpg; sourceTree = "<group>"; };
		25588CD81DD21E3000D375DB /* turtle.png */ = {isa = PBXFileReference; lastKnownFileType = image.png; path = turtle.png; sourceTree = "<group>"; };
		25588CD91DD21E3000D375DB /* animals.jpeg */ = {isa = PBXFileReference; lastKnownFileType = image.jpeg; path = animals.jpeg; sourceTree = "<group>"; };
		25588CDB1DD21E3000D375DB /* apple.png */ = {isa = PBXFileReference; lastKnownFileType = image.png; path = apple.png; sourceTree = "<group>"; };
		25588CDC1DD21E3000D375DB /* avocado.jpg */ = {isa = PBXFileReference; lastKnownFileType = image.jpeg; path = avocado.jpg; sourceTree = "<group>"; };
		25588CDD1DD21E3000D375DB /* banana.png */ = {isa = PBXFileReference; lastKnownFileType = image.png; path = banana.png; sourceTree = "<group>"; };
		25588CDE1DD21E3000D375DB /* blackberry.png */ = {isa = PBXFileReference; lastKnownFileType = image.png; path = blackberry.png; sourceTree = "<group>"; };
		25588CDF1DD21E3000D375DB /* cherry.png */ = {isa = PBXFileReference; lastKnownFileType = image.png; path = cherry.png; sourceTree = "<group>"; };
		25588CE01DD21E3000D375DB /* coconut.png */ = {isa = PBXFileReference; lastKnownFileType = image.png; path = coconut.png; sourceTree = "<group>"; };
		25588CE11DD21E3000D375DB /* grape.png */ = {isa = PBXFileReference; lastKnownFileType = image.png; path = grape.png; sourceTree = "<group>"; };
		25588CE21DD21E3000D375DB /* kiwi.jpg */ = {isa = PBXFileReference; lastKnownFileType = image.jpeg; path = kiwi.jpg; sourceTree = "<group>"; };
		25588CE31DD21E3000D375DB /* lemon.jpg */ = {isa = PBXFileReference; lastKnownFileType = image.jpeg; path = lemon.jpg; sourceTree = "<group>"; };
		25588CE41DD21E3000D375DB /* lychee.jpg */ = {isa = PBXFileReference; lastKnownFileType = image.jpeg; path = lychee.jpg; sourceTree = "<group>"; };
		25588CE51DD21E3000D375DB /* mango.jpg */ = {isa = PBXFileReference; lastKnownFileType = image.jpeg; path = mango.jpg; sourceTree = "<group>"; };
		25588CE61DD21E3000D375DB /* melon.jpg */ = {isa = PBXFileReference; lastKnownFileType = image.jpeg; path = melon.jpg; sourceTree = "<group>"; };
		25588CE71DD21E3000D375DB /* papaya.jpg */ = {isa = PBXFileReference; lastKnownFileType = image.jpeg; path = papaya.jpg; sourceTree = "<group>"; };
		25588CE81DD21E3000D375DB /* passion fruit.jpg */ = {isa = PBXFileReference; lastKnownFileType = image.jpeg; path = "passion fruit.jpg"; sourceTree = "<group>"; };
		25588CE91DD21E3000D375DB /* peach.jpg */ = {isa = PBXFileReference; lastKnownFileType = image.jpeg; path = peach.jpg; sourceTree = "<group>"; };
		25588CEA1DD21E3000D375DB /* pineapple.jpg */ = {isa = PBXFileReference; lastKnownFileType = image.jpeg; path = pineapple.jpg; sourceTree = "<group>"; };
		25588CEB1DD21E3000D375DB /* plum.png */ = {isa = PBXFileReference; lastKnownFileType = image.png; path = plum.png; sourceTree = "<group>"; };
		25588CEC1DD21E3000D375DB /* strawberry.jpg */ = {isa = PBXFileReference; lastKnownFileType = image.jpeg; path = strawberry.jpg; sourceTree = "<group>"; };
		25588CED1DD21E3000D375DB /* watermelon.png */ = {isa = PBXFileReference; lastKnownFileType = image.png; path = watermelon.png; sourceTree = "<group>"; };
		25588CEE1DD21E3000D375DB /* fruits.png */ = {isa = PBXFileReference; lastKnownFileType = image.png; path = fruits.png; sourceTree = "<group>"; };
		25588D1F1DD2218A00D375DB /* color.jpeg */ = {isa = PBXFileReference; lastKnownFileType = image.jpeg; path = color.jpeg; sourceTree = "<group>"; };
/* End PBXFileReference section */

/* Begin PBXFrameworksBuildPhase section */
		25588CA21DD2196100D375DB /* Frameworks */ = {
			isa = PBXFrameworksBuildPhase;
			buildActionMask = 2147483647;
			files = (
			);
			runOnlyForDeploymentPostprocessing = 0;
		};
/* End PBXFrameworksBuildPhase section */

/* Begin PBXGroup section */
		25588C9C1DD2196100D375DB = {
			isa = PBXGroup;
			children = (
				25588CA71DD2196100D375DB /* EngLishForKids */,
				25588CA61DD2196100D375DB /* Products */,
			);
			sourceTree = "<group>";
		};
		25588CA61DD2196100D375DB /* Products */ = {
			isa = PBXGroup;
			children = (
				25588CA51DD2196100D375DB /* EngLishForKids.app */,
			);
			name = Products;
			sourceTree = "<group>";
		};
		25588CA71DD2196100D375DB /* EngLishForKids */ = {
			isa = PBXGroup;
			children = (
				25588CA81DD2196100D375DB /* AppDelegate.swift */,
				25588CBA1DD21ADD00D375DB /* MasterTableVC.swift */,
				25588CAC1DD2196100D375DB /* Main.storyboard */,
				25588CAF1DD2196100D375DB /* Assets.xcassets */,
				25588CB11DD2196100D375DB /* LaunchScreen.storyboard */,
				25588CB41DD2196100D375DB /* Info.plist */,
				25588CBC1DD21E3000D375DB /* Photos */,
			);
			path = EngLishForKids;
			sourceTree = "<group>";
		};
		25588CBC1DD21E3000D375DB /* Photos */ = {
			isa = PBXGroup;
			children = (
				25588CBD1DD21E3000D375DB /* Animals */,
				25588CD91DD21E3000D375DB /* animals.jpeg */,
				25588CDA1DD21E3000D375DB /* Fruits */,
				25588CEE1DD21E3000D375DB /* fruits.png */,
				25588D1F1DD2218A00D375DB /* color.jpeg */,
			);
			path = Photos;
			sourceTree = "<group>";
		};
		25588CBD1DD21E3000D375DB /* Animals */ = {
			isa = PBXGroup;
			children = (
				25588CBE1DD21E3000D375DB /* ant.png */,
				25588CBF1DD21E3000D375DB /* bat.jpg */,
				25588CC01DD21E3000D375DB /* bear.png */,
				25588CC11DD21E3000D375DB /* bee.png */,
				25588CC21DD21E3000D375DB /* bird.png */,
				25588CC31DD21E3000D375DB /* buffalo.jpg */,
				25588CC41DD21E3000D375DB /* butterfly.png */,
				25588CC51DD21E3000D375DB /* cat.jpg */,
				25588CC61DD21E3000D375DB /* crab.png */,
				25588CC71DD21E3000D375DB /* deer.jpg */,
				25588CC81DD21E3000D375DB /* dog.png */,
				25588CC91DD21E3000D375DB /* duck.png */,
				25588CCA1DD21E3000D375DB /* fish.png */,
				25588CCB1DD21E3000D375DB /* fly.jpg */,
				25588CCC1DD21E3000D375DB /* fox.png */,
				25588CCD1DD21E3000D375DB /* frog.png */,
				25588CCE1DD21E3000D375DB /* hawk.jpg */,
				25588CCF1DD21E3000D375DB /* lion.jpg */,
				25588CD01DD21E3000D375DB /* mosquito.jpg */,
				25588CD11DD21E3000D375DB /* mouse.png */,
				25588CD21DD21E3000D375DB /* peafowl.jpg */,
				25588CD31DD21E3000D375DB /* snail.png */,
				25588CD41DD21E3000D375DB /* snake.png */,
				25588CD51DD21E3000D375DB /* spider.png */,
				25588CD61DD21E3000D375DB /* swan.png */,
				25588CD71DD21E3000D375DB /* tiger.jpg */,
				25588CD81DD21E3000D375DB /* turtle.png */,
			);
			path = Animals;
			sourceTree = "<group>";
		};
		25588CDA1DD21E3000D375DB /* Fruits */ = {
			isa = PBXGroup;
			children = (
				25588CDB1DD21E3000D375DB /* apple.png */,
				25588CDC1DD21E3000D375DB /* avocado.jpg */,
				25588CDD1DD21E3000D375DB /* banana.png */,
				25588CDE1DD21E3000D375DB /* blackberry.png */,
				25588CDF1DD21E3000D375DB /* cherry.png */,
				25588CE01DD21E3000D375DB /* coconut.png */,
				25588CE11DD21E3000D375DB /* grape.png */,
				25588CE21DD21E3000D375DB /* kiwi.jpg */,
				25588CE31DD21E3000D375DB /* lemon.jpg */,
				25588CE41DD21E3000D375DB /* lychee.jpg */,
				25588CE51DD21E3000D375DB /* mango.jpg */,
				25588CE61DD21E3000D375DB /* melon.jpg */,
				25588CE71DD21E3000D375DB /* papaya.jpg */,
				25588CE81DD21E3000D375DB /* passion fruit.jpg */,
				25588CE91DD21E3000D375DB /* peach.jpg */,
				25588CEA1DD21E3000D375DB /* pineapple.jpg */,
				25588CEB1DD21E3000D375DB /* plum.png */,
				25588CEC1DD21E3000D375DB /* strawberry.jpg */,
				25588CED1DD21E3000D375DB /* watermelon.png */,
			);
			path = Fruits;
			sourceTree = "<group>";
		};
/* End PBXGroup section */

/* Begin PBXNativeTarget section */
		25588CA41DD2196100D375DB /* EngLishForKids */ = {
			isa = PBXNativeTarget;
			buildConfigurationList = 25588CB71DD2196100D375DB /* Build configuration list for PBXNativeTarget "EngLishForKids" */;
			buildPhases = (
				25588CA11DD2196100D375DB /* Sources */,
				25588CA21DD2196100D375DB /* Frameworks */,
				25588CA31DD2196100D375DB /* Resources */,
			);
			buildRules = (
			);
			dependencies = (
			);
			name = EngLishForKids;
			productName = EngLishForKids;
			productReference = 25588CA51DD2196100D375DB /* EngLishForKids.app */;
			productType = "com.apple.product-type.application";
		};
/* End PBXNativeTarget section */

/* Begin PBXProject section */
		25588C9D1DD2196100D375DB /* Project object */ = {
			isa = PBXProject;
			attributes = {
				LastSwiftUpdateCheck = 0800;
				LastUpgradeCheck = 0800;
				ORGANIZATIONNAME = QUYNV;
				TargetAttributes = {
					25588CA41DD2196100D375DB = {
						CreatedOnToolsVersion = 8.0;
						ProvisioningStyle = Automatic;
					};
				};
			};
			buildConfigurationList = 25588CA01DD2196100D375DB /* Build configuration list for PBXProject "EngLishForKids" */;
			compatibilityVersion = "Xcode 3.2";
			developmentRegion = English;
			hasScannedForEncodings = 0;
			knownRegions = (
				en,
				Base,
			);
			mainGroup = 25588C9C1DD2196100D375DB;
			productRefGroup = 25588CA61DD2196100D375DB /* Products */;
			projectDirPath = "";
			projectRoot = "";
			targets = (
				25588CA41DD2196100D375DB /* EngLishForKids */,
			);
		};
/* End PBXProject section */

/* Begin PBXResourcesBuildPhase section */
		25588CA31DD2196100D375DB /* Resources */ = {
			isa = PBXResourcesBuildPhase;
			buildActionMask = 2147483647;
			files = (
				25588D151DD21E3000D375DB /* mango.jpg in Resources */,
				25588D171DD21E3000D375DB /* papaya.jpg in Resources */,
				25588D0A1DD21E3000D375DB /* animals.jpeg in Resources */,
				25588D181DD21E3000D375DB /* passion fruit.jpg in Resources */,
				25588D011DD21E3000D375DB /* mosquito.jpg in Resources */,
				25588D021DD21E3000D375DB /* mouse.png in Resources */,
				25588D0E1DD21E3000D375DB /* blackberry.png in Resources */,
				25588D101DD21E3000D375DB /* coconut.png in Resources */,
				25588CF91DD21E3000D375DB /* dog.png in Resources */,
				25588D001DD21E3000D375DB /* lion.jpg in Resources */,
				25588CB31DD2196100D375DB /* LaunchScreen.storyboard in Resources */,
				25588CFC1DD21E3000D375DB /* fly.jpg in Resources */,
				25588CF61DD21E3000D375DB /* cat.jpg in Resources */,
				25588D201DD2218A00D375DB /* color.jpeg in Resources */,
				25588D0C1DD21E3000D375DB /* avocado.jpg in Resources */,
				25588CF51DD21E3000D375DB /* butterfly.png in Resources */,
				25588D071DD21E3000D375DB /* swan.png in Resources */,
				25588D1C1DD21E3000D375DB /* strawberry.jpg in Resources */,
				25588D031DD21E3000D375DB /* peafowl.jpg in Resources */,
				25588CEF1DD21E3000D375DB /* ant.png in Resources */,
				25588D091DD21E3000D375DB /* turtle.png in Resources */,
				25588CFF1DD21E3000D375DB /* hawk.jpg in Resources */,
				25588D141DD21E3000D375DB /* lychee.jpg in Resources */,
				25588D0B1DD21E3000D375DB /* apple.png in Resources */,
				25588CFB1DD21E3000D375DB /* fish.png in Resources */,
				25588D111DD21E3000D375DB /* grape.png in Resources */,
				25588CB01DD2196100D375DB /* Assets.xcassets in Resources */,
				25588D1E1DD21E3000D375DB /* fruits.png in Resources */,
				25588D161DD21E3000D375DB /* melon.jpg in Resources */,
				25588D061DD21E3000D375DB /* spider.png in Resources */,
				25588D121DD21E3000D375DB /* kiwi.jpg in Resources */,
				25588CF41DD21E3000D375DB /* buffalo.jpg in Resources */,
				25588D1A1DD21E3000D375DB /* pineapple.jpg in Resources */,
				25588CAE1DD2196100D375DB /* Main.storyboard in Resources */,
				25588CF31DD21E3000D375DB /* bird.png in Resources */,
				25588D0D1DD21E3000D375DB /* banana.png in Resources */,
				25588D131DD21E3000D375DB /* lemon.jpg in Resources */,
				25588CF21DD21E3000D375DB /* bee.png in Resources */,
				25588CFE1DD21E3000D375DB /* frog.png in Resources */,
				25588D051DD21E3000D375DB /* snake.png in Resources */,
				25588D081DD21E3000D375DB /* tiger.jpg in Resources */,
				25588CF01DD21E3000D375DB /* bat.jpg in Resources */,
				25588CFA1DD21E3000D375DB /* duck.png in Resources */,
				25588D1D1DD21E3000D375DB /* watermelon.png in Resources */,
				25588D0F1DD21E3000D375DB /* cherry.png in Resources */,
				25588D1B1DD21E3000D375DB /* plum.png in Resources */,
				25588CF81DD21E3000D375DB /* deer.jpg in Resources */,
				25588CFD1DD21E3000D375DB /* fox.png in Resources */,
				25588CF11DD21E3000D375DB /* bear.png in Resources */,
				25588D041DD21E3000D375DB /* snail.png in Resources */,
				25588CF71DD21E3000D375DB /* crab.png in Resources */,
				25588D191DD21E3000D375DB /* peach.jpg in Resources */,
			);
			runOnlyForDeploymentPostprocessing = 0;
		};
/* End PBXResourcesBuildPhase section */

/* Begin PBXSourcesBuildPhase section */
		25588CA11DD2196100D375DB /* Sources */ = {
			isa = PBXSourcesBuildPhase;
			buildActionMask = 2147483647;
			files = (
				25588CA91DD2196100D375DB /* AppDelegate.swift in Sources */,
				25588CBB1DD21ADD00D375DB /* MasterTableVC.swift in Sources */,
			);
			runOnlyForDeploymentPostprocessing = 0;
		};
/* End PBXSourcesBuildPhase section */

/* Begin PBXVariantGroup section */
		25588CAC1DD2196100D375DB /* Main.storyboard */ = {
			isa = PBXVariantGroup;
			children = (
				25588CAD1DD2196100D375DB /* Base */,
			);
			name = Main.storyboard;
			sourceTree = "<group>";
		};
		25588CB11DD2196100D375DB /* LaunchScreen.storyboard */ = {
			isa = PBXVariantGroup;
			children = (
				25588CB21DD2196100D375DB /* Base */,
			);
			name = LaunchScreen.storyboard;
			sourceTree = "<group>";
		};
/* End PBXVariantGroup section */

/* Begin XCBuildConfiguration section */
		25588CB51DD2196100D375DB /* Debug */ = {
			isa = XCBuildConfiguration;
			buildSettings = {
				ALWAYS_SEARCH_USER_PATHS = NO;
				CLANG_ANALYZER_NONNULL = YES;
				CLANG_CXX_LANGUAGE_STANDARD = "gnu++0x";
				CLANG_CXX_LIBRARY = "libc++";
				CLANG_ENABLE_MODULES = YES;
				CLANG_ENABLE_OBJC_ARC = YES;
				CLANG_WARN_BOOL_CONVERSION = YES;
				CLANG_WARN_CONSTANT_CONVERSION = YES;
				CLANG_WARN_DIRECT_OBJC_ISA_USAGE = YES_ERROR;
				CLANG_WARN_DOCUMENTATION_COMMENTS = YES;
				CLANG_WARN_EMPTY_BODY = YES;
				CLANG_WARN_ENUM_CONVERSION = YES;
				CLANG_WARN_INFINITE_RECURSION = YES;
				CLANG_WARN_INT_CONVERSION = YES;
				CLANG_WARN_OBJC_ROOT_CLASS = YES_ERROR;
				CLANG_WARN_SUSPICIOUS_MOVES = YES;
				CLANG_WARN_UNREACHABLE_CODE = YES;
				CLANG_WARN__DUPLICATE_METHOD_MATCH = YES;
				"CODE_SIGN_IDENTITY[sdk=iphoneos*]" = "iPhone Developer";
				COPY_PHASE_STRIP = NO;
				DEBUG_INFORMATION_FORMAT = dwarf;
				ENABLE_STRICT_OBJC_MSGSEND = YES;
				ENABLE_TESTABILITY = YES;
				GCC_C_LANGUAGE_STANDARD = gnu99;
				GCC_DYNAMIC_NO_PIC = NO;
				GCC_NO_COMMON_BLOCKS = YES;
				GCC_OPTIMIZATION_LEVEL = 0;
				GCC_PREPROCESSOR_DEFINITIONS = (
					"DEBUG=1",
					"$(inherited)",
				);
				GCC_WARN_64_TO_32_BIT_CONVERSION = YES;
				GCC_WARN_ABOUT_RETURN_TYPE = YES_ERROR;
				GCC_WARN_UNDECLARED_SELECTOR = YES;
				GCC_WARN_UNINITIALIZED_AUTOS = YES_AGGRESSIVE;
				GCC_WARN_UNUSED_FUNCTION = YES;
				GCC_WARN_UNUSED_VARIABLE = YES;
				IPHONEOS_DEPLOYMENT_TARGET = 10.0;
				MTL_ENABLE_DEBUG_INFO = YES;
				ONLY_ACTIVE_ARCH = YES;
				SDKROOT = iphoneos;
				SWIFT_ACTIVE_COMPILATION_CONDITIONS = DEBUG;
				SWIFT_OPTIMIZATION_LEVEL = "-Onone";
				TARGETED_DEVICE_FAMILY = "1,2";
			};
			name = Debug;
		};
		25588CB61DD2196100D375DB /* Release */ = {
			isa = XCBuildConfiguration;
			buildSettings = {
				ALWAYS_SEARCH_USER_PATHS = NO;
				CLANG_ANALYZER_NONNULL = YES;
				CLANG_CXX_LANGUAGE_STANDARD = "gnu++0x";
				CLANG_CXX_LIBRARY = "libc++";
				CLANG_ENABLE_MODULES = YES;
				CLANG_ENABLE_OBJC_ARC = YES;
				CLANG_WARN_BOOL_CONVERSION = YES;
				CLANG_WARN_CONSTANT_CONVERSION = YES;
				CLANG_WARN_DIRECT_OBJC_ISA_USAGE = YES_ERROR;
				CLANG_WARN_DOCUMENTATION_COMMENTS = YES;
				CLANG_WARN_EMPTY_BODY = YES;
				CLANG_WARN_ENUM_CONVERSION = YES;
				CLANG_WARN_INFINITE_RECURSION = YES;
				CLANG_WARN_INT_CONVERSION = YES;
				CLANG_WARN_OBJC_ROOT_CLASS = YES_ERROR;
				CLANG_WARN_SUSPICIOUS_MOVES = YES;
				CLANG_WARN_UNREACHABLE_CODE = YES;
				CLANG_WARN__DUPLICATE_METHOD_MATCH = YES;
				"CODE_SIGN_IDENTITY[sdk=iphoneos*]" = "iPhone Developer";
				COPY_PHASE_STRIP = NO;
				DEBUG_INFORMATION_FORMAT = "dwarf-with-dsym";
				ENABLE_NS_ASSERTIONS = NO;
				ENABLE_STRICT_OBJC_MSGSEND = YES;
				GCC_C_LANGUAGE_STANDARD = gnu99;
				GCC_NO_COMMON_BLOCKS = YES;
				GCC_WARN_64_TO_32_BIT_CONVERSION = YES;
				GCC_WARN_ABOUT_RETURN_TYPE = YES_ERROR;
				GCC_WARN_UNDECLARED_SELECTOR = YES;
				GCC_WARN_UNINITIALIZED_AUTOS = YES_AGGRESSIVE;
				GCC_WARN_UNUSED_FUNCTION = YES;
				GCC_WARN_UNUSED_VARIABLE = YES;
				IPHONEOS_DEPLOYMENT_TARGET = 10.0;
				MTL_ENABLE_DEBUG_INFO = NO;
				SDKROOT = iphoneos;
				SWIFT_OPTIMIZATION_LEVEL = "-Owholemodule";
				TARGETED_DEVICE_FAMILY = "1,2";
				VALIDATE_PRODUCT = YES;
			};
			name = Release;
		};
		25588CB81DD2196100D375DB /* Debug */ = {
			isa = XCBuildConfiguration;
			buildSettings = {
				ASSETCATALOG_COMPILER_APPICON_NAME = AppIcon;
				INFOPLIST_FILE = EngLishForKids/Info.plist;
				LD_RUNPATH_SEARCH_PATHS = "$(inherited) @executable_path/Frameworks";
				PRODUCT_BUNDLE_IDENTIFIER = com.quynv.EngLishForKids;
				PRODUCT_NAME = "$(TARGET_NAME)";
				SWIFT_VERSION = 3.0;
			};
			name = Debug;
		};
		25588CB91DD2196100D375DB /* Release */ = {
			isa = XCBuildConfiguration;
			buildSettings = {
				ASSETCATALOG_COMPILER_APPICON_NAME = AppIcon;
				INFOPLIST_FILE = EngLishForKids/Info.plist;
				LD_RUNPATH_SEARCH_PATHS = "$(inherited) @executable_path/Frameworks";
				PRODUCT_BUNDLE_IDENTIFIER = com.quynv.EngLishForKids;
				PRODUCT_NAME = "$(TARGET_NAME)";
				SWIFT_VERSION = 3.0;
			};
			name = Release;
		};
/* End XCBuildConfiguration section */

/* Begin XCConfigurationList section */
		25588CA01DD2196100D375DB /* Build configuration list for PBXProject "EngLishForKids" */ = {
			isa = XCConfigurationList;
			buildConfigurations = (
				25588CB51DD2196100D375DB /* Debug */,
				25588CB61DD2196100D375DB /* Release */,
			);
			defaultConfigurationIsVisible = 0;
			defaultConfigurationName = Release;
		};
		25588CB71DD2196100D375DB /* Build configuration list for PBXNativeTarget "EngLishForKids" */ = {
			isa = XCConfigurationList;
			buildConfigurations = (
				25588CB81DD2196100D375DB /* Debug */,
				25588CB91DD2196100D375DB /* Release */,
			);
			defaultConfigurationIsVisible = 0;
		};
/* End XCConfigurationList section */
	};
	rootObject = 25588C9D1DD2196100D375DB /* Project object */;
}
